
Microsoft Visual Studio Solution File, Format Version 12.00
# Visual Studio Version 17
VisualStudioVersion = 17.5.33414.496
MinimumVisualStudioVersion = 10.0.40219.1
Project("{FAE04EC0-301F-11D3-BF4B-00C04F79EFBC}") = "HashCalculator", "HashCalculator\HashCalculator.csproj", "{35B3D97C-66D5-48A7-AE22-F1AE78C0449D}"
EndProject
Global
	GlobalSection(SolutionConfigurationPlatforms) = preSolution
		Debug|Any CPU = Debug|Any CPU
		Release|Any CPU = Release|Any CPU
	EndGlobalSection
	GlobalSection(ProjectConfigurationPlatforms) = postSolution
		{35B3D97C-66D5-48A7-AE22-F1AE78C0449D}.Debug|Any CPU.ActiveCfg = Debug|Any CPU
		{35B3D97C-66D5-48A7-AE22-F1AE78C0449D}.Debug|Any CPU.Build.0 = Debug|Any CPU
		{35B3D97C-66D5-48A7-AE22-F1AE78C0449D}.Release|Any CPU.ActiveCfg = Release|Any CPU
		{35B3D97C-66D5-48A7-AE22-F1AE78C0449D}.Release|Any CPU.Build.0 = Release|Any CPU
	EndGlobalSection
	GlobalSection(SolutionProperties) = preSolution
		HideSolutionNode = FALSE
	EndGlobalSection
	GlobalSection(ExtensibilityGlobals) = postSolution
		SolutionGuid = {30682460-C73E-4157-82B0-2A35AF73A17F}
	EndGlobalSection
EndGlobal
